
Microsoft Visual Studio Solution File, Format Version 12.00
# Visual Studio Version 17
VisualStudioVersion = 17.13.35931.197 d17.13
MinimumVisualStudioVersion = 10.0.40219.1
Project("{FAE04EC0-301F-11D3-BF4B-00C04F79EFBC}") = "FirstProject", "C#_OOP05\FirstProject.csproj", "{11F5CDCA-5196-4D9B-A7ED-9C721E49C35A}"
EndProject
Project("{FAE04EC0-301F-11D3-BF4B-00C04F79EFBC}") = "SecondProject", "SecondProject\SecondProject.csproj", "{CED7697C-8E6D-494B-80CE-4A6FA4B4CE89}"
EndProject
Project("{FAE04EC0-301F-11D3-BF4B-00C04F79EFBC}") = "ThirdProject", "ThirdProject\ThirdProject.csproj", "{18CB3CE5-E60C-4EE4-BAEF-B93835DD7A79}"
EndProject
Global
	GlobalSection(SolutionConfigurationPlatforms) = preSolution
		Debug|Any CPU = Debug|Any CPU
		Release|Any CPU = Release|Any CPU
	EndGlobalSection
	GlobalSection(ProjectConfigurationPlatforms) = postSolution
		{11F5CDCA-5196-4D9B-A7ED-9C721E49C35A}.Debug|Any CPU.ActiveCfg = Debug|Any CPU
		{11F5CDCA-5196-4D9B-A7ED-9C721E49C35A}.Debug|Any CPU.Build.0 = Debug|Any CPU
		{11F5CDCA-5196-4D9B-A7ED-9C721E49C35A}.Release|Any CPU.ActiveCfg = Release|Any CPU
		{11F5CDCA-5196-4D9B-A7ED-9C721E49C35A}.Release|Any CPU.Build.0 = Release|Any CPU
		{CED7697C-8E6D-494B-80CE-4A6FA4B4CE89}.Debug|Any CPU.ActiveCfg = Debug|Any CPU
		{CED7697C-8E6D-494B-80CE-4A6FA4B4CE89}.Debug|Any CPU.Build.0 = Debug|Any CPU
		{CED7697C-8E6D-494B-80CE-4A6FA4B4CE89}.Release|Any CPU.ActiveCfg = Release|Any CPU
		{CED7697C-8E6D-494B-80CE-4A6FA4B4CE89}.Release|Any CPU.Build.0 = Release|Any CPU
		{18CB3CE5-E60C-4EE4-BAEF-B93835DD7A79}.Debug|Any CPU.ActiveCfg = Debug|Any CPU
		{18CB3CE5-E60C-4EE4-BAEF-B93835DD7A79}.Debug|Any CPU.Build.0 = Debug|Any CPU
		{18CB3CE5-E60C-4EE4-BAEF-B93835DD7A79}.Release|Any CPU.ActiveCfg = Release|Any CPU
		{18CB3CE5-E60C-4EE4-BAEF-B93835DD7A79}.Release|Any CPU.Build.0 = Release|Any CPU
	EndGlobalSection
	GlobalSection(SolutionProperties) = preSolution
		HideSolutionNode = FALSE
	EndGlobalSection
	GlobalSection(ExtensibilityGlobals) = postSolution
		SolutionGuid = {5C745C0D-9A48-4D81-A889-9AD31643DA95}
	EndGlobalSection
EndGlobal
